<?xml version="1.0" encoding="UTF-8" standalone="yes" ?>
<CodeBlocks_project_file>
	<FileVersion major="1" minor="6" />
	<Project>
		<Option title="LTestExample" />
		<Option makefile="makefile" />
		<Option pch_mode="2" />
		<Option compiler="gcc" />
		<Build>
			<Target title="Debug">
				<Option output="bin/Debug/LTestExample" prefix_auto="1" extension_auto="1" />
				<Option object_output="obj/Debug/" />
				<Option type="1" />
				<Option compiler="gcc" />
				<Compiler>
					<Add option="-g" />
				</Compiler>
			</Target>
			<Target title="test-ltest-with-ltest">
				<Option output="bin/tests/run-ltest-tests" prefix_auto="1" extension_auto="1" />
				<Option object_output="obj/tests/" />
				<Option type="1" />
				<Option compiler="gcc" />
				<Compiler>
					<Add option="-O2" />
				</Compiler>
				<Linker>
					<Add option="-s" />
				</Linker>
			</Target>
		</Build>
		<Compiler>
			<Add option="-Wall" />
			<Add option="-fexceptions" />
			<Add option="-std=c++1y" />
		</Compiler>
		<Unit filename="examples/ignores.h">
			<Option target="Debug" />
		</Unit>
		<Unit filename="examples/leap_year.h">
			<Option target="Debug" />
		</Unit>
		<Unit filename="examples/main.cpp">
			<Option target="Debug" />
		</Unit>
		<Unit filename="examples/minimal.h">
			<Option target="Debug" />
		</Unit>
		<Unit filename="examples/parametertest.h">
			<Option target="Debug" />
		</Unit>
		<Unit filename="examples/resultset.h">
			<Option target="Debug" />
		</Unit>
		<Unit filename="src/FunctionPattern.h" />
		<Unit filename="src/LTest.cpp" />
		<Unit filename="src/LTest.h" />
		<Unit filename="src/LTestAssert.h" />
		<Unit filename="src/LTestMisuseException.h" />
		<Unit filename="src/ManagedFixture.h" />
		<Unit filename="src/MuteStream.h" />
		<Unit filename="src/OutputFormat/Format.h" />
		<Unit filename="src/OutputFormat/OutputFormat.h" />
		<Unit filename="src/OutputFormat/OutputFormatBase.h" />
		<Unit filename="src/OutputFormat/TextOutput.h" />
		<Unit filename="src/OutputFormat/TextTable.h" />
		<Unit filename="src/OutputFormat/XmlOutput.h" />
		<Unit filename="src/OutputFormat/rapidxml-1.13/rapidxml.hpp" />
		<Unit filename="src/OutputFormat/rapidxml-1.13/rapidxml_iterators.hpp" />
		<Unit filename="src/OutputFormat/rapidxml-1.13/rapidxml_print.hpp" />
		<Unit filename="src/OutputFormat/rapidxml-1.13/rapidxml_utils.hpp" />
		<Unit filename="src/ParameterTest.h" />
		<Unit filename="src/TestResult.h" />
		<Unit filename="src/function_traits.h" />
		<Unit filename="src/toStringPatch.h" />
		<Unit filename="test-src/chrono_lib_test.h">
			<Option target="test-ltest-with-ltest" />
		</Unit>
		<Unit filename="test-src/run-ltest-tests.cpp">
			<Option target="test-ltest-with-ltest" />
		</Unit>
		<Extensions>
			<code_completion />
			<envvars />
			<debugger />
		</Extensions>
	</Project>
</CodeBlocks_project_file>
