<?xml version="1.0" encoding="UTF-8" standalone="yes" ?>
<CodeBlocks_project_file>
	<FileVersion major="1" minor="6" />
	<Project>
		<Option title="LTestUse" />
		<Option makefile="makefile" />
		<Option pch_mode="2" />
		<Option compiler="gcc" />
		<Build>
			<Target title="usage">
				<Option output="bin/Debug/LTestUse" prefix_auto="1" extension_auto="1" />
				<Option object_output="obj/Debug/" />
				<Option type="1" />
				<Option compiler="gcc" />
				<Compiler>
					<Add option="-std=c++11" />
					<Add option="-g" />
					<Add directory="../" />
				</Compiler>
				<Linker>
					<Add directory="../" />
				</Linker>
			</Target>
		</Build>
		<Compiler>
			<Add option="-Wall" />
			<Add option="-fexceptions" />
		</Compiler>
		<Unit filename="../DataFunction.h" />
		<Unit filename="../LTest.cpp" />
		<Unit filename="../LTest.h" />
		<Unit filename="../LTestAssert.h" />
		<Unit filename="../MuteStream.h" />
		<Unit filename="../OutputFormat/Format.h" />
		<Unit filename="../OutputFormat/OutputFormat.h" />
		<Unit filename="../OutputFormat/OutputFormatBase.h" />
		<Unit filename="../OutputFormat/TextOutput.h" />
		<Unit filename="../OutputFormat/TextTable.h" />
		<Unit filename="../OutputFormat/XmlOutput.h" />
		<Unit filename="../OutputFormat/rapidxml-1.13/rapidxml.hpp" />
		<Unit filename="../OutputFormat/rapidxml-1.13/rapidxml_print.hpp" />
		<Unit filename="../TestResult.h" />
		<Unit filename="../function_traits.h" />
		<Unit filename="../toStringPatch.h" />
		<Unit filename="datatest.h" />
		<Unit filename="extern_testsuite_example.h" />
		<Unit filename="main.cpp" />
		<Extensions>
			<code_completion />
			<envvars />
			<debugger />
			<lib_finder disable_auto="1" />
		</Extensions>
	</Project>
</CodeBlocks_project_file>
